
Microsoft Visual Studio Solution File, Format Version 12.00
# Visual Studio 15
VisualStudioVersion = 15.0.27703.2035
MinimumVisualStudioVersion = 10.0.40219.1
Project("{9A19103F-16F7-4668-BE54-9A1E7A4F7556}") = "WcCore.Tests", "src\test\WcRunway.Core.Tests\WcCore.Tests.csproj", "{C6601B6A-F805-45C3-A4F2-EBAE8AF5AFB6}"
EndProject
Project("{2150E333-8FDC-42A3-9474-1A3956D46DE8}") = "src", "src", "{D6798101-4FA3-42EB-8CA6-D979EF03AFC0}"
EndProject
Project("{2150E333-8FDC-42A3-9474-1A3956D46DE8}") = "Solution Items", "Solution Items", "{8B67B156-7457-4C8E-818A-A02C8639B175}"
	ProjectSection(SolutionItems) = preProject
		README.md = README.md
	EndProjectSection
EndProject
Project("{9A19103F-16F7-4668-BE54-9A1E7A4F7556}") = "WcData", "src\main\WcData\WcData.csproj", "{F389CCAD-F54B-4317-8F51-DF903B2D54DB}"
EndProject
Project("{9A19103F-16F7-4668-BE54-9A1E7A4F7556}") = "WcData.Microsoft.Extensions.DependencyInjection", "src\main\WcData.Microsoft.Extensions.DependencyInjection\WcData.Microsoft.Extensions.DependencyInjection.csproj", "{86069543-2FEC-4E6E-86A7-6927E73F1FDA}"
EndProject
Project("{9A19103F-16F7-4668-BE54-9A1E7A4F7556}") = "WcData.Microsoft.Extensions.DependencyInjection.Tests", "src\test\WcData.Microsoft.Extensions.DependencyInjection.Tests\WcData.Microsoft.Extensions.DependencyInjection.Tests.csproj", "{CAAE13A5-DAE6-4DDB-9645-2827EB1B641F}"
EndProject
Project("{9A19103F-16F7-4668-BE54-9A1E7A4F7556}") = "WcCore", "src\main\WcCore\WcCore.csproj", "{074C903D-C727-4E15-92D1-21830400C6D8}"
EndProject
Project("{9A19103F-16F7-4668-BE54-9A1E7A4F7556}") = "WcOffers", "src\main\WcOffers\WcOffers.csproj", "{C48A31BB-BA92-43B0-AD80-98732A61ED5B}"
EndProject
Project("{9A19103F-16F7-4668-BE54-9A1E7A4F7556}") = "WcOffers.Cli", "src\main\WcOffers.Cli\WcOffers.Cli.csproj", "{782BCBE5-65AE-4BDC-9572-3CA75CCA4E1B}"
EndProject
Project("{9A19103F-16F7-4668-BE54-9A1E7A4F7556}") = "WcDataTests", "src\test\WcDataTests\WcDataTests.csproj", "{4F11E79D-8FCB-4301-B003-E1194F21D671}"
EndProject
Project("{9A19103F-16F7-4668-BE54-9A1E7A4F7556}") = "WcOffersTests", "src\test\WcOffersTests\WcOffersTests.csproj", "{ACDAB4AE-0C71-49F2-9D95-3C541DF6507F}"
EndProject
Project("{9A19103F-16F7-4668-BE54-9A1E7A4F7556}") = "WcOffers.CliTests", "src\test\WcOffers.CliTests\WcOffers.CliTests.csproj", "{541AC8EE-CD42-47AA-A994-109AC5E21E83}"
EndProject
Project("{2150E333-8FDC-42A3-9474-1A3956D46DE8}") = "offers", "offers", "{0C689FA7-7B39-4598-AE7F-C8C4E498DC75}"
EndProject
Project("{2150E333-8FDC-42A3-9474-1A3956D46DE8}") = "core", "core", "{599FAF6F-C7CE-4A9D-9F09-33E97C846EF2}"
EndProject
Project("{2150E333-8FDC-42A3-9474-1A3956D46DE8}") = "data", "data", "{ECF14999-550E-45C3-9FF1-62FEB2BCCC95}"
EndProject
Project("{2150E333-8FDC-42A3-9474-1A3956D46DE8}") = "graph", "graph", "{C4F57716-E06C-4FCB-8592-D14818A0FBA6}"
EndProject
Project("{FAE04EC0-301F-11D3-BF4B-00C04F79EFBC}") = "WcGraph", "src\main\WcGraph\WcGraph.csproj", "{BDC5E65A-590F-4891-B726-7475852285E7}"
EndProject
Project("{FAE04EC0-301F-11D3-BF4B-00C04F79EFBC}") = "WcGraph.Cli", "src\main\WcGraph.Cli\WcGraph.Cli.csproj", "{E4F78F01-768F-41D7-B6FF-3A11E60906F1}"
EndProject
Global
	GlobalSection(SolutionConfigurationPlatforms) = preSolution
		Debug|Any CPU = Debug|Any CPU
		Release|Any CPU = Release|Any CPU
	EndGlobalSection
	GlobalSection(ProjectConfigurationPlatforms) = postSolution
		{C6601B6A-F805-45C3-A4F2-EBAE8AF5AFB6}.Debug|Any CPU.ActiveCfg = Debug|Any CPU
		{C6601B6A-F805-45C3-A4F2-EBAE8AF5AFB6}.Debug|Any CPU.Build.0 = Debug|Any CPU
		{C6601B6A-F805-45C3-A4F2-EBAE8AF5AFB6}.Release|Any CPU.ActiveCfg = Release|Any CPU
		{C6601B6A-F805-45C3-A4F2-EBAE8AF5AFB6}.Release|Any CPU.Build.0 = Release|Any CPU
		{F389CCAD-F54B-4317-8F51-DF903B2D54DB}.Debug|Any CPU.ActiveCfg = Debug|Any CPU
		{F389CCAD-F54B-4317-8F51-DF903B2D54DB}.Debug|Any CPU.Build.0 = Debug|Any CPU
		{F389CCAD-F54B-4317-8F51-DF903B2D54DB}.Release|Any CPU.ActiveCfg = Release|Any CPU
		{F389CCAD-F54B-4317-8F51-DF903B2D54DB}.Release|Any CPU.Build.0 = Release|Any CPU
		{86069543-2FEC-4E6E-86A7-6927E73F1FDA}.Debug|Any CPU.ActiveCfg = Debug|Any CPU
		{86069543-2FEC-4E6E-86A7-6927E73F1FDA}.Debug|Any CPU.Build.0 = Debug|Any CPU
		{86069543-2FEC-4E6E-86A7-6927E73F1FDA}.Release|Any CPU.ActiveCfg = Release|Any CPU
		{86069543-2FEC-4E6E-86A7-6927E73F1FDA}.Release|Any CPU.Build.0 = Release|Any CPU
		{CAAE13A5-DAE6-4DDB-9645-2827EB1B641F}.Debug|Any CPU.ActiveCfg = Debug|Any CPU
		{CAAE13A5-DAE6-4DDB-9645-2827EB1B641F}.Debug|Any CPU.Build.0 = Debug|Any CPU
		{CAAE13A5-DAE6-4DDB-9645-2827EB1B641F}.Release|Any CPU.ActiveCfg = Release|Any CPU
		{CAAE13A5-DAE6-4DDB-9645-2827EB1B641F}.Release|Any CPU.Build.0 = Release|Any CPU
		{074C903D-C727-4E15-92D1-21830400C6D8}.Debug|Any CPU.ActiveCfg = Debug|Any CPU
		{074C903D-C727-4E15-92D1-21830400C6D8}.Debug|Any CPU.Build.0 = Debug|Any CPU
		{074C903D-C727-4E15-92D1-21830400C6D8}.Release|Any CPU.ActiveCfg = Release|Any CPU
		{074C903D-C727-4E15-92D1-21830400C6D8}.Release|Any CPU.Build.0 = Release|Any CPU
		{C48A31BB-BA92-43B0-AD80-98732A61ED5B}.Debug|Any CPU.ActiveCfg = Debug|Any CPU
		{C48A31BB-BA92-43B0-AD80-98732A61ED5B}.Debug|Any CPU.Build.0 = Debug|Any CPU
		{C48A31BB-BA92-43B0-AD80-98732A61ED5B}.Release|Any CPU.ActiveCfg = Release|Any CPU
		{C48A31BB-BA92-43B0-AD80-98732A61ED5B}.Release|Any CPU.Build.0 = Release|Any CPU
		{782BCBE5-65AE-4BDC-9572-3CA75CCA4E1B}.Debug|Any CPU.ActiveCfg = Debug|Any CPU
		{782BCBE5-65AE-4BDC-9572-3CA75CCA4E1B}.Debug|Any CPU.Build.0 = Debug|Any CPU
		{782BCBE5-65AE-4BDC-9572-3CA75CCA4E1B}.Release|Any CPU.ActiveCfg = Release|Any CPU
		{782BCBE5-65AE-4BDC-9572-3CA75CCA4E1B}.Release|Any CPU.Build.0 = Release|Any CPU
		{4F11E79D-8FCB-4301-B003-E1194F21D671}.Debug|Any CPU.ActiveCfg = Debug|Any CPU
		{4F11E79D-8FCB-4301-B003-E1194F21D671}.Debug|Any CPU.Build.0 = Debug|Any CPU
		{4F11E79D-8FCB-4301-B003-E1194F21D671}.Release|Any CPU.ActiveCfg = Release|Any CPU
		{4F11E79D-8FCB-4301-B003-E1194F21D671}.Release|Any CPU.Build.0 = Release|Any CPU
		{ACDAB4AE-0C71-49F2-9D95-3C541DF6507F}.Debug|Any CPU.ActiveCfg = Debug|Any CPU
		{ACDAB4AE-0C71-49F2-9D95-3C541DF6507F}.Debug|Any CPU.Build.0 = Debug|Any CPU
		{ACDAB4AE-0C71-49F2-9D95-3C541DF6507F}.Release|Any CPU.ActiveCfg = Release|Any CPU
		{ACDAB4AE-0C71-49F2-9D95-3C541DF6507F}.Release|Any CPU.Build.0 = Release|Any CPU
		{541AC8EE-CD42-47AA-A994-109AC5E21E83}.Debug|Any CPU.ActiveCfg = Debug|Any CPU
		{541AC8EE-CD42-47AA-A994-109AC5E21E83}.Debug|Any CPU.Build.0 = Debug|Any CPU
		{541AC8EE-CD42-47AA-A994-109AC5E21E83}.Release|Any CPU.ActiveCfg = Release|Any CPU
		{541AC8EE-CD42-47AA-A994-109AC5E21E83}.Release|Any CPU.Build.0 = Release|Any CPU
		{BDC5E65A-590F-4891-B726-7475852285E7}.Debug|Any CPU.ActiveCfg = Debug|Any CPU
		{BDC5E65A-590F-4891-B726-7475852285E7}.Debug|Any CPU.Build.0 = Debug|Any CPU
		{BDC5E65A-590F-4891-B726-7475852285E7}.Release|Any CPU.ActiveCfg = Release|Any CPU
		{BDC5E65A-590F-4891-B726-7475852285E7}.Release|Any CPU.Build.0 = Release|Any CPU
		{E4F78F01-768F-41D7-B6FF-3A11E60906F1}.Debug|Any CPU.ActiveCfg = Debug|Any CPU
		{E4F78F01-768F-41D7-B6FF-3A11E60906F1}.Debug|Any CPU.Build.0 = Debug|Any CPU
		{E4F78F01-768F-41D7-B6FF-3A11E60906F1}.Release|Any CPU.ActiveCfg = Release|Any CPU
		{E4F78F01-768F-41D7-B6FF-3A11E60906F1}.Release|Any CPU.Build.0 = Release|Any CPU
	EndGlobalSection
	GlobalSection(SolutionProperties) = preSolution
		HideSolutionNode = FALSE
	EndGlobalSection
	GlobalSection(NestedProjects) = preSolution
		{C6601B6A-F805-45C3-A4F2-EBAE8AF5AFB6} = {599FAF6F-C7CE-4A9D-9F09-33E97C846EF2}
		{F389CCAD-F54B-4317-8F51-DF903B2D54DB} = {ECF14999-550E-45C3-9FF1-62FEB2BCCC95}
		{86069543-2FEC-4E6E-86A7-6927E73F1FDA} = {ECF14999-550E-45C3-9FF1-62FEB2BCCC95}
		{CAAE13A5-DAE6-4DDB-9645-2827EB1B641F} = {ECF14999-550E-45C3-9FF1-62FEB2BCCC95}
		{074C903D-C727-4E15-92D1-21830400C6D8} = {599FAF6F-C7CE-4A9D-9F09-33E97C846EF2}
		{C48A31BB-BA92-43B0-AD80-98732A61ED5B} = {0C689FA7-7B39-4598-AE7F-C8C4E498DC75}
		{782BCBE5-65AE-4BDC-9572-3CA75CCA4E1B} = {0C689FA7-7B39-4598-AE7F-C8C4E498DC75}
		{4F11E79D-8FCB-4301-B003-E1194F21D671} = {ECF14999-550E-45C3-9FF1-62FEB2BCCC95}
		{ACDAB4AE-0C71-49F2-9D95-3C541DF6507F} = {0C689FA7-7B39-4598-AE7F-C8C4E498DC75}
		{541AC8EE-CD42-47AA-A994-109AC5E21E83} = {0C689FA7-7B39-4598-AE7F-C8C4E498DC75}
		{0C689FA7-7B39-4598-AE7F-C8C4E498DC75} = {D6798101-4FA3-42EB-8CA6-D979EF03AFC0}
		{599FAF6F-C7CE-4A9D-9F09-33E97C846EF2} = {D6798101-4FA3-42EB-8CA6-D979EF03AFC0}
		{ECF14999-550E-45C3-9FF1-62FEB2BCCC95} = {D6798101-4FA3-42EB-8CA6-D979EF03AFC0}
		{C4F57716-E06C-4FCB-8592-D14818A0FBA6} = {D6798101-4FA3-42EB-8CA6-D979EF03AFC0}
		{BDC5E65A-590F-4891-B726-7475852285E7} = {C4F57716-E06C-4FCB-8592-D14818A0FBA6}
		{E4F78F01-768F-41D7-B6FF-3A11E60906F1} = {C4F57716-E06C-4FCB-8592-D14818A0FBA6}
	EndGlobalSection
	GlobalSection(ExtensibilityGlobals) = postSolution
		SolutionGuid = {44173A92-FD47-4691-AB41-2E7EC6F300E6}
	EndGlobalSection
EndGlobal
