
Microsoft Visual Studio Solution File, Format Version 12.00
# Visual Studio 15
VisualStudioVersion = 15.0.27703.2035
MinimumVisualStudioVersion = 10.0.40219.1
Project("{9A19103F-16F7-4668-BE54-9A1E7A4F7556}") = "WcRunway.Core", "src\WcRunway.Core\WcRunway.Core.csproj", "{210D7BB2-277E-49D0-8BEA-4E6594F1DE4C}"
EndProject
Project("{9A19103F-16F7-4668-BE54-9A1E7A4F7556}") = "WcRunway.Cli", "src\WcRunway.Cli\WcRunway.Cli.csproj", "{218D7606-40E0-4F88-A9DE-508BA68F7567}"
EndProject
Project("{FAE04EC0-301F-11D3-BF4B-00C04F79EFBC}") = "WcRunway.Core.Tests", "src\test\WcRunway.Core.Tests\WcRunway.Core.Tests.csproj", "{C6601B6A-F805-45C3-A4F2-EBAE8AF5AFB6}"
EndProject
Project("{FAE04EC0-301F-11D3-BF4B-00C04F79EFBC}") = "WcRunway.Cli.Tests", "src\test\WcRunway.Cli.Tests\WcRunway.Cli.Tests.csproj", "{DC0CCAF2-FBC2-4717-A549-95BE464B39F2}"
EndProject
Project("{2150E333-8FDC-42A3-9474-1A3956D46DE8}") = "src", "src", "{D6798101-4FA3-42EB-8CA6-D979EF03AFC0}"
EndProject
Project("{2150E333-8FDC-42A3-9474-1A3956D46DE8}") = "test", "test", "{0121950D-98F5-4FA5-B54B-E11E1DE18884}"
EndProject
Project("{2150E333-8FDC-42A3-9474-1A3956D46DE8}") = "main", "main", "{B36A5761-DC74-47B1-B68C-EBA91ECF8861}"
EndProject
Project("{2150E333-8FDC-42A3-9474-1A3956D46DE8}") = "Solution Items", "Solution Items", "{8B67B156-7457-4C8E-818A-A02C8639B175}"
	ProjectSection(SolutionItems) = preProject
		README.md = README.md
	EndProjectSection
EndProject
Global
	GlobalSection(SolutionConfigurationPlatforms) = preSolution
		Debug|Any CPU = Debug|Any CPU
		Release|Any CPU = Release|Any CPU
	EndGlobalSection
	GlobalSection(ProjectConfigurationPlatforms) = postSolution
		{210D7BB2-277E-49D0-8BEA-4E6594F1DE4C}.Debug|Any CPU.ActiveCfg = Debug|Any CPU
		{210D7BB2-277E-49D0-8BEA-4E6594F1DE4C}.Debug|Any CPU.Build.0 = Debug|Any CPU
		{210D7BB2-277E-49D0-8BEA-4E6594F1DE4C}.Release|Any CPU.ActiveCfg = Release|Any CPU
		{210D7BB2-277E-49D0-8BEA-4E6594F1DE4C}.Release|Any CPU.Build.0 = Release|Any CPU
		{218D7606-40E0-4F88-A9DE-508BA68F7567}.Debug|Any CPU.ActiveCfg = Debug|Any CPU
		{218D7606-40E0-4F88-A9DE-508BA68F7567}.Debug|Any CPU.Build.0 = Debug|Any CPU
		{218D7606-40E0-4F88-A9DE-508BA68F7567}.Release|Any CPU.ActiveCfg = Release|Any CPU
		{218D7606-40E0-4F88-A9DE-508BA68F7567}.Release|Any CPU.Build.0 = Release|Any CPU
		{C6601B6A-F805-45C3-A4F2-EBAE8AF5AFB6}.Debug|Any CPU.ActiveCfg = Debug|Any CPU
		{C6601B6A-F805-45C3-A4F2-EBAE8AF5AFB6}.Debug|Any CPU.Build.0 = Debug|Any CPU
		{C6601B6A-F805-45C3-A4F2-EBAE8AF5AFB6}.Release|Any CPU.ActiveCfg = Release|Any CPU
		{C6601B6A-F805-45C3-A4F2-EBAE8AF5AFB6}.Release|Any CPU.Build.0 = Release|Any CPU
		{DC0CCAF2-FBC2-4717-A549-95BE464B39F2}.Debug|Any CPU.ActiveCfg = Debug|Any CPU
		{DC0CCAF2-FBC2-4717-A549-95BE464B39F2}.Debug|Any CPU.Build.0 = Debug|Any CPU
		{DC0CCAF2-FBC2-4717-A549-95BE464B39F2}.Release|Any CPU.ActiveCfg = Release|Any CPU
		{DC0CCAF2-FBC2-4717-A549-95BE464B39F2}.Release|Any CPU.Build.0 = Release|Any CPU
	EndGlobalSection
	GlobalSection(SolutionProperties) = preSolution
		HideSolutionNode = FALSE
	EndGlobalSection
	GlobalSection(NestedProjects) = preSolution
		{210D7BB2-277E-49D0-8BEA-4E6594F1DE4C} = {B36A5761-DC74-47B1-B68C-EBA91ECF8861}
		{218D7606-40E0-4F88-A9DE-508BA68F7567} = {B36A5761-DC74-47B1-B68C-EBA91ECF8861}
		{C6601B6A-F805-45C3-A4F2-EBAE8AF5AFB6} = {0121950D-98F5-4FA5-B54B-E11E1DE18884}
		{DC0CCAF2-FBC2-4717-A549-95BE464B39F2} = {0121950D-98F5-4FA5-B54B-E11E1DE18884}
		{0121950D-98F5-4FA5-B54B-E11E1DE18884} = {D6798101-4FA3-42EB-8CA6-D979EF03AFC0}
		{B36A5761-DC74-47B1-B68C-EBA91ECF8861} = {D6798101-4FA3-42EB-8CA6-D979EF03AFC0}
	EndGlobalSection
	GlobalSection(ExtensibilityGlobals) = postSolution
		SolutionGuid = {44173A92-FD47-4691-AB41-2E7EC6F300E6}
	EndGlobalSection
EndGlobal
